
Microsoft Visual Studio Solution File, Format Version 12.00
# Visual Studio 15
VisualStudioVersion = 15.0.27130.2026
MinimumVisualStudioVersion = 10.0.40219.1
Project("{8BC9CEB8-8B4A-11D0-8D11-00A0C91BC942}") = "DbCore", "DbCore\DbCore.vcxproj", "{9EDDB1B5-90E6-4D4F-8B3B-DBA3E3FFDB7A}"
EndProject
Project("{8BC9CEB8-8B4A-11D0-8D11-00A0C91BC942}") = "DateTime", "DateTime\DateTime.vcxproj", "{C1E1F450-B7E1-4796-84D5-7D3C831DFF68}"
EndProject
Project("{2150E333-8FDC-42A3-9474-1A3956D46DE8}") = "Solution Items", "Solution Items", "{5CEBA480-2900-4D55-9F91-1030C5067BB2}"
	ProjectSection(SolutionItems) = preProject
		Build.txt = Build.txt
		ToDo.txt = ToDo.txt
	EndProjectSection
EndProject
Project("{8BC9CEB8-8B4A-11D0-8D11-00A0C91BC942}") = "TestUtilities", "Utilities\TestUtilities\TestUtilities.vcxproj", "{A8DC26E8-826F-4714-8B5E-408E0DD30C74}"
EndProject
Project("{8BC9CEB8-8B4A-11D0-8D11-00A0C91BC942}") = "StringUtilities", "Utilities\StringUtilities\Utilities.vcxproj", "{462B43B2-8B13-4178-BF2A-903F76F1985C}"
EndProject
Project("{8BC9CEB8-8B4A-11D0-8D11-00A0C91BC942}") = "Query", "Query\Query.vcxproj", "{523B7482-C101-4109-BAA0-CCAE63589726}"
EndProject
Project("{8BC9CEB8-8B4A-11D0-8D11-00A0C91BC942}") = "Test", "Test\Test.vcxproj", "{5EA56767-F719-483A-AB97-5B5EB06E54E3}"
EndProject
Project("{8BC9CEB8-8B4A-11D0-8D11-00A0C91BC942}") = "Executive", "Executive\Executive.vcxproj", "{2E47C7B3-0D3F-4DA4-8A19-3CBBA4F97ED6}"
EndProject
Project("{8BC9CEB8-8B4A-11D0-8D11-00A0C91BC942}") = "XmlDocument", "XmlDocument\XmlDocument\XmlDocument.vcxproj", "{0A82ECDC-7520-453A-8F2C-D813FEEE7537}"
EndProject
Project("{8BC9CEB8-8B4A-11D0-8D11-00A0C91BC942}") = "PayLoad", "PayLoad\PayLoad.vcxproj", "{9E44FE9D-897D-413E-9961-95EC734CEAB5}"
EndProject
Global
	GlobalSection(SolutionConfigurationPlatforms) = preSolution
		Debug|x64 = Debug|x64
		Debug|x86 = Debug|x86
		Release|x64 = Release|x64
		Release|x86 = Release|x86
	EndGlobalSection
	GlobalSection(ProjectConfigurationPlatforms) = postSolution
		{9EDDB1B5-90E6-4D4F-8B3B-DBA3E3FFDB7A}.Debug|x64.ActiveCfg = Debug|x64
		{9EDDB1B5-90E6-4D4F-8B3B-DBA3E3FFDB7A}.Debug|x64.Build.0 = Debug|x64
		{9EDDB1B5-90E6-4D4F-8B3B-DBA3E3FFDB7A}.Debug|x86.ActiveCfg = Debug|Win32
		{9EDDB1B5-90E6-4D4F-8B3B-DBA3E3FFDB7A}.Debug|x86.Build.0 = Debug|Win32
		{9EDDB1B5-90E6-4D4F-8B3B-DBA3E3FFDB7A}.Release|x64.ActiveCfg = Release|x64
		{9EDDB1B5-90E6-4D4F-8B3B-DBA3E3FFDB7A}.Release|x64.Build.0 = Release|x64
		{9EDDB1B5-90E6-4D4F-8B3B-DBA3E3FFDB7A}.Release|x86.ActiveCfg = Release|Win32
		{9EDDB1B5-90E6-4D4F-8B3B-DBA3E3FFDB7A}.Release|x86.Build.0 = Release|Win32
		{C1E1F450-B7E1-4796-84D5-7D3C831DFF68}.Debug|x64.ActiveCfg = Debug|x64
		{C1E1F450-B7E1-4796-84D5-7D3C831DFF68}.Debug|x64.Build.0 = Debug|x64
		{C1E1F450-B7E1-4796-84D5-7D3C831DFF68}.Debug|x86.ActiveCfg = Debug|Win32
		{C1E1F450-B7E1-4796-84D5-7D3C831DFF68}.Debug|x86.Build.0 = Debug|Win32
		{C1E1F450-B7E1-4796-84D5-7D3C831DFF68}.Release|x64.ActiveCfg = Release|x64
		{C1E1F450-B7E1-4796-84D5-7D3C831DFF68}.Release|x64.Build.0 = Release|x64
		{C1E1F450-B7E1-4796-84D5-7D3C831DFF68}.Release|x86.ActiveCfg = Release|Win32
		{C1E1F450-B7E1-4796-84D5-7D3C831DFF68}.Release|x86.Build.0 = Release|Win32
		{A8DC26E8-826F-4714-8B5E-408E0DD30C74}.Debug|x64.ActiveCfg = Debug|x64
		{A8DC26E8-826F-4714-8B5E-408E0DD30C74}.Debug|x64.Build.0 = Debug|x64
		{A8DC26E8-826F-4714-8B5E-408E0DD30C74}.Debug|x86.ActiveCfg = Debug|Win32
		{A8DC26E8-826F-4714-8B5E-408E0DD30C74}.Debug|x86.Build.0 = Debug|Win32
		{A8DC26E8-826F-4714-8B5E-408E0DD30C74}.Release|x64.ActiveCfg = Release|x64
		{A8DC26E8-826F-4714-8B5E-408E0DD30C74}.Release|x64.Build.0 = Release|x64
		{A8DC26E8-826F-4714-8B5E-408E0DD30C74}.Release|x86.ActiveCfg = Release|Win32
		{A8DC26E8-826F-4714-8B5E-408E0DD30C74}.Release|x86.Build.0 = Release|Win32
		{462B43B2-8B13-4178-BF2A-903F76F1985C}.Debug|x64.ActiveCfg = Debug|x64
		{462B43B2-8B13-4178-BF2A-903F76F1985C}.Debug|x64.Build.0 = Debug|x64
		{462B43B2-8B13-4178-BF2A-903F76F1985C}.Debug|x86.ActiveCfg = Debug|Win32
		{462B43B2-8B13-4178-BF2A-903F76F1985C}.Debug|x86.Build.0 = Debug|Win32
		{462B43B2-8B13-4178-BF2A-903F76F1985C}.Release|x64.ActiveCfg = Release|x64
		{462B43B2-8B13-4178-BF2A-903F76F1985C}.Release|x64.Build.0 = Release|x64
		{462B43B2-8B13-4178-BF2A-903F76F1985C}.Release|x86.ActiveCfg = Release|Win32
		{462B43B2-8B13-4178-BF2A-903F76F1985C}.Release|x86.Build.0 = Release|Win32
		{523B7482-C101-4109-BAA0-CCAE63589726}.Debug|x64.ActiveCfg = Debug|x64
		{523B7482-C101-4109-BAA0-CCAE63589726}.Debug|x64.Build.0 = Debug|x64
		{523B7482-C101-4109-BAA0-CCAE63589726}.Debug|x86.ActiveCfg = Debug|Win32
		{523B7482-C101-4109-BAA0-CCAE63589726}.Debug|x86.Build.0 = Debug|Win32
		{523B7482-C101-4109-BAA0-CCAE63589726}.Release|x64.ActiveCfg = Release|x64
		{523B7482-C101-4109-BAA0-CCAE63589726}.Release|x64.Build.0 = Release|x64
		{523B7482-C101-4109-BAA0-CCAE63589726}.Release|x86.ActiveCfg = Release|Win32
		{523B7482-C101-4109-BAA0-CCAE63589726}.Release|x86.Build.0 = Release|Win32
		{5EA56767-F719-483A-AB97-5B5EB06E54E3}.Debug|x64.ActiveCfg = Debug|x64
		{5EA56767-F719-483A-AB97-5B5EB06E54E3}.Debug|x64.Build.0 = Debug|x64
		{5EA56767-F719-483A-AB97-5B5EB06E54E3}.Debug|x86.ActiveCfg = Debug|Win32
		{5EA56767-F719-483A-AB97-5B5EB06E54E3}.Debug|x86.Build.0 = Debug|Win32
		{5EA56767-F719-483A-AB97-5B5EB06E54E3}.Release|x64.ActiveCfg = Release|x64
		{5EA56767-F719-483A-AB97-5B5EB06E54E3}.Release|x64.Build.0 = Release|x64
		{5EA56767-F719-483A-AB97-5B5EB06E54E3}.Release|x86.ActiveCfg = Release|Win32
		{5EA56767-F719-483A-AB97-5B5EB06E54E3}.Release|x86.Build.0 = Release|Win32
		{2E47C7B3-0D3F-4DA4-8A19-3CBBA4F97ED6}.Debug|x64.ActiveCfg = Debug|x64
		{2E47C7B3-0D3F-4DA4-8A19-3CBBA4F97ED6}.Debug|x64.Build.0 = Debug|x64
		{2E47C7B3-0D3F-4DA4-8A19-3CBBA4F97ED6}.Debug|x86.ActiveCfg = Debug|Win32
		{2E47C7B3-0D3F-4DA4-8A19-3CBBA4F97ED6}.Debug|x86.Build.0 = Debug|Win32
		{2E47C7B3-0D3F-4DA4-8A19-3CBBA4F97ED6}.Release|x64.ActiveCfg = Release|x64
		{2E47C7B3-0D3F-4DA4-8A19-3CBBA4F97ED6}.Release|x64.Build.0 = Release|x64
		{2E47C7B3-0D3F-4DA4-8A19-3CBBA4F97ED6}.Release|x86.ActiveCfg = Release|Win32
		{2E47C7B3-0D3F-4DA4-8A19-3CBBA4F97ED6}.Release|x86.Build.0 = Release|Win32
		{0A82ECDC-7520-453A-8F2C-D813FEEE7537}.Debug|x64.ActiveCfg = Debug|Win32
		{0A82ECDC-7520-453A-8F2C-D813FEEE7537}.Debug|x86.ActiveCfg = Debug|Win32
		{0A82ECDC-7520-453A-8F2C-D813FEEE7537}.Debug|x86.Build.0 = Debug|Win32
		{0A82ECDC-7520-453A-8F2C-D813FEEE7537}.Release|x64.ActiveCfg = Release|Win32
		{0A82ECDC-7520-453A-8F2C-D813FEEE7537}.Release|x86.ActiveCfg = Release|Win32
		{0A82ECDC-7520-453A-8F2C-D813FEEE7537}.Release|x86.Build.0 = Release|Win32
		{9E44FE9D-897D-413E-9961-95EC734CEAB5}.Debug|x64.ActiveCfg = Debug|x64
		{9E44FE9D-897D-413E-9961-95EC734CEAB5}.Debug|x64.Build.0 = Debug|x64
		{9E44FE9D-897D-413E-9961-95EC734CEAB5}.Debug|x86.ActiveCfg = Debug|Win32
		{9E44FE9D-897D-413E-9961-95EC734CEAB5}.Debug|x86.Build.0 = Debug|Win32
		{9E44FE9D-897D-413E-9961-95EC734CEAB5}.Release|x64.ActiveCfg = Release|x64
		{9E44FE9D-897D-413E-9961-95EC734CEAB5}.Release|x64.Build.0 = Release|x64
		{9E44FE9D-897D-413E-9961-95EC734CEAB5}.Release|x86.ActiveCfg = Release|Win32
		{9E44FE9D-897D-413E-9961-95EC734CEAB5}.Release|x86.Build.0 = Release|Win32
	EndGlobalSection
	GlobalSection(SolutionProperties) = preSolution
		HideSolutionNode = FALSE
	EndGlobalSection
	GlobalSection(ExtensibilityGlobals) = postSolution
		SolutionGuid = {03234BB4-4100-494A-9C05-D76DBA45E13F}
	EndGlobalSection
EndGlobal
